<?xml version="1.0" encoding="utf-8"?>
<Project ToolsVersion="4.0" xmlns="http://schemas.microsoft.com/developer/msbuild/2003">
  <ItemGroup>
    <Filter Include="Source Files">
      <UniqueIdentifier>{4FC737F1-C7A5-4376-A066-2A32D752A2FF}</UniqueIdentifier>
      <Extensions>cpp;c;cc;cxx;c++;cppm;ixx;def;odl;idl;hpj;bat;asm;asmx</Extensions>
    </Filter>
    <Filter Include="Header Files">
      <UniqueIdentifier>{93995380-89BD-4b04-88EB-625FBE52EBFB}</UniqueIdentifier>
      <Extensions>h;hh;hpp;hxx;h++;hm;inl;inc;ipp;xsd</Extensions>
    </Filter>
    <Filter Include="Resource Files">
      <UniqueIdentifier>{67DA6AB6-F800-4c08-8B7A-83BB121AAD01}</UniqueIdentifier>
      <Extensions>rc;ico;cur;bmp;dlg;rc2;rct;bin;rgs;gif;jpg;jpeg;jpe;resx;tiff;tif;png;wav;mfcribbon-ms</Extensions>
    </Filter>
    <Filter Include="Header Files\Settings">
      <UniqueIdentifier>{4e9b3482-1ff8-46e1-bf1d-d9e0e6365b70}</UniqueIdentifier>
    </Filter>
    <Filter Include="Header Files\Math">
      <UniqueIdentifier>{f9264325-5ed8-49f1-ac59-8459d80a6de8}</UniqueIdentifier>
    </Filter>
    <Filter Include="Header Files\Shaders">
      <UniqueIdentifier>{b276786c-a5c1-42e1-ad41-fcad5a37bc9a}</UniqueIdentifier>
    </Filter>
    <Filter Include="Header Files\Inputs">
      <UniqueIdentifier>{e80dc691-817c-4e66-9000-cd1af3e445a9}</UniqueIdentifier>
    </Filter>
    <Filter Include="Header Files\Disk">
      <UniqueIdentifier>{c1295068-9229-43ec-84b9-53807bb5b190}</UniqueIdentifier>
    </Filter>
    <Filter Include="Source Files\Inputs">
      <UniqueIdentifier>{6d8f6e1e-2b04-459c-8571-fc6387e4630d}</UniqueIdentifier>
    </Filter>
    <Filter Include="Source Files\Shaders">
      <UniqueIdentifier>{7d8a24b7-4a6f-4f6f-bf95-c37434568517}</UniqueIdentifier>
    </Filter>
    <Filter Include="Header Files\GUI">
      <UniqueIdentifier>{bfddbee4-012c-4a79-875e-cc53d1ace252}</UniqueIdentifier>
    </Filter>
    <Filter Include="Source Files\ImGUI">
      <UniqueIdentifier>{2808cede-e4aa-473b-83f0-7029eff64dfa}</UniqueIdentifier>
    </Filter>
    <Filter Include="Header Files\ImGUI">
      <UniqueIdentifier>{ebd6ddc0-b880-4bf4-a21a-df2445ce9de0}</UniqueIdentifier>
    </Filter>
    <Filter Include="Resource Files\shaders">
      <UniqueIdentifier>{725191fb-5ef8-43b4-8432-589d9fea07d5}</UniqueIdentifier>
    </Filter>
    <Filter Include="Header Files\Engine">
      <UniqueIdentifier>{0a10e64e-364e-4eaf-8914-f237163d652e}</UniqueIdentifier>
    </Filter>
    <Filter Include="Source Files\Engine">
      <UniqueIdentifier>{9bd7bc2b-c40a-4ece-8ed1-491a0d697360}</UniqueIdentifier>
    </Filter>
  </ItemGroup>
  <ItemGroup>
    <ClCompile Include="main.cpp">
      <Filter>Source Files</Filter>
    </ClCompile>
    <ClCompile Include="Game.cpp">
      <Filter>Source Files</Filter>
    </ClCompile>
    <ClCompile Include="InputManager.cpp">
      <Filter>Source Files\Inputs</Filter>
    </ClCompile>
    <ClCompile Include="ShaderManager.cpp">
      <Filter>Source Files\Shaders</Filter>
    </ClCompile>
    <ClCompile Include="ImGUI\backends\imgui_impl_opengl3.cpp">
      <Filter>Source Files\ImGUI</Filter>
    </ClCompile>
    <ClCompile Include="ImGUI\backends\imgui_impl_sdl.cpp">
      <Filter>Source Files\ImGUI</Filter>
    </ClCompile>
    <ClCompile Include="ImGUI\imgui.cpp">
      <Filter>Source Files\ImGUI</Filter>
    </ClCompile>
    <ClCompile Include="ImGUI\imgui_demo.cpp">
      <Filter>Source Files\ImGUI</Filter>
    </ClCompile>
    <ClCompile Include="ImGUI\imgui_draw.cpp">
      <Filter>Source Files\ImGUI</Filter>
    </ClCompile>
    <ClCompile Include="ImGUI\imgui_tables.cpp">
      <Filter>Source Files\ImGUI</Filter>
    </ClCompile>
    <ClCompile Include="ImGUI\imgui_widgets.cpp">
      <Filter>Source Files\ImGUI</Filter>
    </ClCompile>
    <ClCompile Include="Match3.cpp">
      <Filter>Source Files</Filter>
    </ClCompile>
    <ClCompile Include="Camera.cpp">
      <Filter>Source Files\Engine</Filter>
    </ClCompile>
  </ItemGroup>
  <ItemGroup>
    <ClInclude Include="Game.h">
      <Filter>Header Files</Filter>
    </ClInclude>
    <ClInclude Include="Constants.h">
      <Filter>Header Files</Filter>
    </ClInclude>
    <ClInclude Include="ConfigFile.h">
      <Filter>Header Files\Settings</Filter>
    </ClInclude>
    <ClInclude Include="GameSettings.h">
      <Filter>Header Files\Settings</Filter>
    </ClInclude>
    <ClInclude Include="VectorHelper.h">
      <Filter>Header Files\Math</Filter>
    </ClInclude>
    <ClInclude Include="Vec2.h">
      <Filter>Header Files\Math</Filter>
    </ClInclude>
    <ClInclude Include="ShaderManager.h">
      <Filter>Header Files\Shaders</Filter>
    </ClInclude>
    <ClInclude Include="InputManager.h">
      <Filter>Header Files\Inputs</Filter>
    </ClInclude>
    <ClInclude Include="InputKeyCodes.h">
      <Filter>Header Files\Inputs</Filter>
    </ClInclude>
    <ClInclude Include="IO.h">
      <Filter>Header Files\Disk</Filter>
    </ClInclude>
    <ClInclude Include="ISerializable.h">
      <Filter>Header Files\Disk</Filter>
    </ClInclude>
    <ClInclude Include="GUIManager.h">
      <Filter>Header Files\GUI</Filter>
    </ClInclude>
    <ClInclude Include="ImGUI\backends\imgui_impl_opengl3.h">
      <Filter>Header Files\ImGUI</Filter>
    </ClInclude>
    <ClInclude Include="ImGUI\backends\imgui_impl_sdl.h">
      <Filter>Header Files\ImGUI</Filter>
    </ClInclude>
    <ClInclude Include="ImGUI\imgui.h">
      <Filter>Header Files\ImGUI</Filter>
    </ClInclude>
    <ClInclude Include="ImGUI\imgui_internal.h">
      <Filter>Header Files\ImGUI</Filter>
    </ClInclude>
    <ClInclude Include="ImGUI\imstb_textedit.h">
      <Filter>Header Files\ImGUI</Filter>
    </ClInclude>
    <ClInclude Include="ImGUI\imstb_rectpack.h">
      <Filter>Header Files\ImGUI</Filter>
    </ClInclude>
    <ClInclude Include="ImGUI\imstb_truetype.h">
      <Filter>Header Files\ImGUI</Filter>
    </ClInclude>
    <ClInclude Include="Match3.h">
      <Filter>Header Files</Filter>
    </ClInclude>
    <ClInclude Include="FloatExtensions.h">
      <Filter>Header Files\Math</Filter>
    </ClInclude>
    <ClInclude Include="Camera.h">
      <Filter>Header Files\Engine</Filter>
    </ClInclude>
    <ClInclude Include="TextureUtility.h">
      <Filter>Header Files\Engine</Filter>
    </ClInclude>
    <ClInclude Include="GameObject.h">
      <Filter>Header Files\Engine</Filter>
    </ClInclude>
    <ClInclude Include="ExtraInfoGUI.h">
      <Filter>Header Files</Filter>
    </ClInclude>
    <ClInclude Include="IVec2.h">
      <Filter>Header Files\Math</Filter>
    </ClInclude>
    <ClInclude Include="CellTypes.h">
      <Filter>Header Files</Filter>
    </ClInclude>
  </ItemGroup>
  <ItemGroup>
    <None Include="packages.config" />
    <None Include="shaders\orthoWorld.frag">
      <Filter>Resource Files\shaders</Filter>
    </None>
    <None Include="shaders\orthoWorld.vert">
      <Filter>Resource Files\shaders</Filter>
    </None>
  </ItemGroup>
</Project>